// !$*UTF8*$!
{
	archiveVersion = 1;
	classes = {
	};
	objectVersion = 54;
	objects = {

/* Begin PBXBuildFile section */
		061D6A4D2E49A62A00B00990 /* AppDelegate.swift in Sources */ = {isa = PBXBuildFile; fileRef = 761780EC2CA45674006654EE /* AppDelegate.swift */; };
		061D6A512E49A62A00B00990 /* LaunchScreen.storyboard in Resources */ = {isa = PBXBuildFile; fileRef = 81AB9BB72411601600AC10FF /* LaunchScreen.storyboard */; };
		061D6A522E49A62A00B00990 /* Images.xcassets in Resources */ = {isa = PBXBuildFile; fileRef = 13B07FB51A68108700A75B9A /* Images.xcassets */; };
		061D6A532E49A62A00B00990 /* PrivacyInfo.xcprivacy in Resources */ = {isa = PBXBuildFile; fileRef = 13B07FB81A68108700A75B9A /* PrivacyInfo.xcprivacy */; };
		061D6A5F2E49A6A100B00990 /* AppDelegate.swift in Sources */ = {isa = PBXBuildFile; fileRef = 761780EC2CA45674006654EE /* AppDelegate.swift */; };
		061D6A632E49A6A100B00990 /* LaunchScreen.storyboard in Resources */ = {isa = PBXBuildFile; fileRef = 81AB9BB72411601600AC10FF /* LaunchScreen.storyboard */; };
		061D6A642E49A6A100B00990 /* Images.xcassets in Resources */ = {isa = PBXBuildFile; fileRef = 13B07FB51A68108700A75B9A /* Images.xcassets */; };
		061D6A652E49A6A100B00990 /* PrivacyInfo.xcprivacy in Resources */ = {isa = PBXBuildFile; fileRef = 13B07FB81A68108700A75B9A /* PrivacyInfo.xcprivacy */; };
		0674F4D3721E4E938998E5D1 /* Inter-Medium.ttf in Resources */ = {isa = PBXBuildFile; fileRef = A1266098DC544C78BC8BD10E /* Inter-Medium.ttf */; };
		0C80B921A6F3F58F76C31292 /* BuildFile in Frameworks */ = {isa = PBXBuildFile; };
		13B07FBF1A68108700A75B9A /* Images.xcassets in Resources */ = {isa = PBXBuildFile; fileRef = 13B07FB51A68108700A75B9A /* Images.xcassets */; };
		1E9A3042C99242FEBDAE7160 /* Inter-ExtraBold.ttf in Resources */ = {isa = PBXBuildFile; fileRef = 7CFA3289B6A449DCA68BF566 /* Inter-ExtraBold.ttf */; };
		27DB118B279F0DE8F917A63D /* libPods-ngoanthachviet_ql-Dev_ngoanthachviet_ql.a in Frameworks */ = {isa = PBXBuildFile; fileRef = 73B18B7DFC983F6B7AA0DA92 /* libPods-ngoanthachviet_ql-Dev_ngoanthachviet_ql.a */; };
		36B64AF266974DF69808EE06 /* Inter-Black.ttf in Resources */ = {isa = PBXBuildFile; fileRef = 1ADC3DAFD37E414E9B0365F6 /* Inter-Black.ttf */; };
		60BE7C3F6B13A27D46236425 /* PrivacyInfo.xcprivacy in Resources */ = {isa = PBXBuildFile; fileRef = 13B07FB81A68108700A75B9A /* PrivacyInfo.xcprivacy */; };
		6DE0D0315BED414BB6C02C37 /* Inter-Regular.ttf in Resources */ = {isa = PBXBuildFile; fileRef = E2FE924F97414A659CC32271 /* Inter-Regular.ttf */; };
		761780ED2CA45674006654EE /* AppDelegate.swift in Sources */ = {isa = PBXBuildFile; fileRef = 761780EC2CA45674006654EE /* AppDelegate.swift */; };
		778C3E32D4284A11A8FC78DA /* UTM-Aquarelle.ttf in Resources */ = {isa = PBXBuildFile; fileRef = D4C78616CF52457D828481AC /* UTM-Aquarelle.ttf */; };
		7DBB28F3C1F04B81A619F7A7 /* Inter-Thin.ttf in Resources */ = {isa = PBXBuildFile; fileRef = CF2226B1E7E34114908F7629 /* Inter-Thin.ttf */; };
		81AB9BB82411601600AC10FF /* LaunchScreen.storyboard in Resources */ = {isa = PBXBuildFile; fileRef = 81AB9BB72411601600AC10FF /* LaunchScreen.storyboard */; };
		83CC0282BFBD661C25F53742 /* libPods-ngoanthachviet_ql.a in Frameworks */ = {isa = PBXBuildFile; fileRef = A93AE6EF9D75AD83B34E106B /* libPods-ngoanthachviet_ql.a */; };
		933F613DDC81E2596A94D4B4 /* libPods-ngoanthachviet_ql-Uat_ngoanthachviet_ql.a in Frameworks */ = {isa = PBXBuildFile; fileRef = 12DD344792CEFB357F03468B /* libPods-ngoanthachviet_ql-Uat_ngoanthachviet_ql.a */; };
		A6B6A84D3875463B84422D33 /* Inter-Bold.ttf in Resources */ = {isa = PBXBuildFile; fileRef = EF88D00E389B44D3ADD94391 /* Inter-Bold.ttf */; };
		AFDDC88C99354C0498D8C403 /* Inter-Light.ttf in Resources */ = {isa = PBXBuildFile; fileRef = F63E5DB69A9C4BCE90581435 /* Inter-Light.ttf */; };
		BCF6F9DCBB6B44A0B80553FE /* UTM-PenumbraBold.ttf in Resources */ = {isa = PBXBuildFile; fileRef = F1D3387203C5406ABBD1CEBA /* UTM-PenumbraBold.ttf */; };
		C20B51EDE5494C8FB0DA4C96 /* Inter-ExtraLight.ttf in Resources */ = {isa = PBXBuildFile; fileRef = 8790D892DE0C4D3E9B166350 /* Inter-ExtraLight.ttf */; };
		E28A2B277EBF46808A451303 /* Inter-SemiBold.ttf in Resources */ = {isa = PBXBuildFile; fileRef = 45ECB46AE56E4220A4A75C49 /* Inter-SemiBold.ttf */; };
/* End PBXBuildFile section */

/* Begin PBXFileReference section */
		061D6A5A2E49A62A00B00990 /* Dev_ngoanthachviet_ql.app */ = {isa = PBXFileReference; explicitFileType = wrapper.application; includeInIndex = 0; path = Dev_ngoanthachviet_ql.app; sourceTree = BUILT_PRODUCTS_DIR; };
		061D6A5B2E49A62A00B00990 /* ngoanthachviet_ql Dev-Info.plist */ = {isa = PBXFileReference; lastKnownFileType = text.plist.xml; name = "ngoanthachviet_ql Dev-Info.plist"; path = "/Volumes/Projects/PhucKhangApp/ngoanthachviet_ql/ios/ngoanthachviet_ql Dev-Info.plist"; sourceTree = "<absolute>"; };
		061D6A6C2E49A6A100B00990 /* Uat_ngoanthachviet_ql.app */ = {isa = PBXFileReference; explicitFileType = wrapper.application; includeInIndex = 0; path = Uat_ngoanthachviet_ql.app; sourceTree = BUILT_PRODUCTS_DIR; };
		061D6A6D2E49A6A100B00990 /* ngoanthachviet_ql Uat-Info.plist */ = {isa = PBXFileReference; lastKnownFileType = text.plist.xml; name = "ngoanthachviet_ql Uat-Info.plist"; path = "/Volumes/Projects/PhucKhangApp/ngoanthachviet_ql/ios/ngoanthachviet_ql Uat-Info.plist"; sourceTree = "<absolute>"; };
		12DD344792CEFB357F03468B /* libPods-ngoanthachviet_ql-Uat_ngoanthachviet_ql.a */ = {isa = PBXFileReference; explicitFileType = archive.ar; includeInIndex = 0; path = "libPods-ngoanthachviet_ql-Uat_ngoanthachviet_ql.a"; sourceTree = BUILT_PRODUCTS_DIR; };
		13B07F961A680F5B00A75B9A /* ngoanthachviet_ql.app */ = {isa = PBXFileReference; explicitFileType = wrapper.application; includeInIndex = 0; path = ngoanthachviet_ql.app; sourceTree = BUILT_PRODUCTS_DIR; };
		13B07FB51A68108700A75B9A /* Images.xcassets */ = {isa = PBXFileReference; lastKnownFileType = folder.assetcatalog; name = Images.xcassets; path = ngoanthachviet_ql/Images.xcassets; sourceTree = "<group>"; };
		13B07FB61A68108700A75B9A /* Info.plist */ = {isa = PBXFileReference; fileEncoding = 4; lastKnownFileType = text.plist.xml; name = Info.plist; path = ngoanthachviet_ql/Info.plist; sourceTree = "<group>"; };
		13B07FB81A68108700A75B9A /* PrivacyInfo.xcprivacy */ = {isa = PBXFileReference; fileEncoding = 4; lastKnownFileType = text.plist.xml; name = PrivacyInfo.xcprivacy; path = ngoanthachviet_ql/PrivacyInfo.xcprivacy; sourceTree = "<group>"; };
		1ADC3DAFD37E414E9B0365F6 /* Inter-Black.ttf */ = {isa = PBXFileReference; explicitFileType = undefined; fileEncoding = undefined; includeInIndex = 0; lastKnownFileType = unknown; name = "Inter-Black.ttf"; path = "../src/assets/fonts/Inter-Black.ttf"; sourceTree = "<group>"; };
		241EEEC423B659AD9E72F1AE /* Pods-ngoanthachviet_ql-Dev_ngoanthachviet_ql.release.xcconfig */ = {isa = PBXFileReference; includeInIndex = 1; lastKnownFileType = text.xcconfig; name = "Pods-ngoanthachviet_ql-Dev_ngoanthachviet_ql.release.xcconfig"; path = "Target Support Files/Pods-ngoanthachviet_ql-Dev_ngoanthachviet_ql/Pods-ngoanthachviet_ql-Dev_ngoanthachviet_ql.release.xcconfig"; sourceTree = "<group>"; };
		3B4392A12AC88292D35C810B /* Pods-ngoanthachviet_ql.debug.xcconfig */ = {isa = PBXFileReference; includeInIndex = 1; lastKnownFileType = text.xcconfig; name = "Pods-ngoanthachviet_ql.debug.xcconfig"; path = "Target Support Files/Pods-ngoanthachviet_ql/Pods-ngoanthachviet_ql.debug.xcconfig"; sourceTree = "<group>"; };
		45ECB46AE56E4220A4A75C49 /* Inter-SemiBold.ttf */ = {isa = PBXFileReference; explicitFileType = undefined; fileEncoding = undefined; includeInIndex = 0; lastKnownFileType = unknown; name = "Inter-SemiBold.ttf"; path = "../src/assets/fonts/Inter-SemiBold.ttf"; sourceTree = "<group>"; };
		5709B34CF0A7D63546082F79 /* Pods-ngoanthachviet_ql.release.xcconfig */ = {isa = PBXFileReference; includeInIndex = 1; lastKnownFileType = text.xcconfig; name = "Pods-ngoanthachviet_ql.release.xcconfig"; path = "Target Support Files/Pods-ngoanthachviet_ql/Pods-ngoanthachviet_ql.release.xcconfig"; sourceTree = "<group>"; };
		73B18B7DFC983F6B7AA0DA92 /* libPods-ngoanthachviet_ql-Dev_ngoanthachviet_ql.a */ = {isa = PBXFileReference; explicitFileType = archive.ar; includeInIndex = 0; path = "libPods-ngoanthachviet_ql-Dev_ngoanthachviet_ql.a"; sourceTree = BUILT_PRODUCTS_DIR; };
		761780EC2CA45674006654EE /* AppDelegate.swift */ = {isa = PBXFileReference; lastKnownFileType = sourcecode.swift; name = AppDelegate.swift; path = ngoanthachviet_ql/AppDelegate.swift; sourceTree = "<group>"; };
		7CFA3289B6A449DCA68BF566 /* Inter-ExtraBold.ttf */ = {isa = PBXFileReference; explicitFileType = undefined; fileEncoding = undefined; includeInIndex = 0; lastKnownFileType = unknown; name = "Inter-ExtraBold.ttf"; path = "../src/assets/fonts/Inter-ExtraBold.ttf"; sourceTree = "<group>"; };
		81696EFD4FF8DAE3FA1799B5 /* Pods-ngoanthachviet_ql-Dev_ngoanthachviet_ql.debug.xcconfig */ = {isa = PBXFileReference; includeInIndex = 1; lastKnownFileType = text.xcconfig; name = "Pods-ngoanthachviet_ql-Dev_ngoanthachviet_ql.debug.xcconfig"; path = "Target Support Files/Pods-ngoanthachviet_ql-Dev_ngoanthachviet_ql/Pods-ngoanthachviet_ql-Dev_ngoanthachviet_ql.debug.xcconfig"; sourceTree = "<group>"; };
		81AB9BB72411601600AC10FF /* LaunchScreen.storyboard */ = {isa = PBXFileReference; fileEncoding = 4; lastKnownFileType = file.storyboard; name = LaunchScreen.storyboard; path = ngoanthachviet_ql/LaunchScreen.storyboard; sourceTree = "<group>"; };
		8790D892DE0C4D3E9B166350 /* Inter-ExtraLight.ttf */ = {isa = PBXFileReference; explicitFileType = undefined; fileEncoding = undefined; includeInIndex = 0; lastKnownFileType = unknown; name = "Inter-ExtraLight.ttf"; path = "../src/assets/fonts/Inter-ExtraLight.ttf"; sourceTree = "<group>"; };
		A1266098DC544C78BC8BD10E /* Inter-Medium.ttf */ = {isa = PBXFileReference; explicitFileType = undefined; fileEncoding = undefined; includeInIndex = 0; lastKnownFileType = unknown; name = "Inter-Medium.ttf"; path = "../src/assets/fonts/Inter-Medium.ttf"; sourceTree = "<group>"; };
		A67D538A883193EDDDB369DE /* Pods-ngoanthachviet_ql-Uat_ngoanthachviet_ql.debug.xcconfig */ = {isa = PBXFileReference; includeInIndex = 1; lastKnownFileType = text.xcconfig; name = "Pods-ngoanthachviet_ql-Uat_ngoanthachviet_ql.debug.xcconfig"; path = "Target Support Files/Pods-ngoanthachviet_ql-Uat_ngoanthachviet_ql/Pods-ngoanthachviet_ql-Uat_ngoanthachviet_ql.debug.xcconfig"; sourceTree = "<group>"; };
		A6D974D152DB680001904E9A /* Pods-ngoanthachviet_ql-Uat_ngoanthachviet_ql.release.xcconfig */ = {isa = PBXFileReference; includeInIndex = 1; lastKnownFileType = text.xcconfig; name = "Pods-ngoanthachviet_ql-Uat_ngoanthachviet_ql.release.xcconfig"; path = "Target Support Files/Pods-ngoanthachviet_ql-Uat_ngoanthachviet_ql/Pods-ngoanthachviet_ql-Uat_ngoanthachviet_ql.release.xcconfig"; sourceTree = "<group>"; };
		A93AE6EF9D75AD83B34E106B /* libPods-ngoanthachviet_ql.a */ = {isa = PBXFileReference; explicitFileType = archive.ar; includeInIndex = 0; path = "libPods-ngoanthachviet_ql.a"; sourceTree = BUILT_PRODUCTS_DIR; };
		CF2226B1E7E34114908F7629 /* Inter-Thin.ttf */ = {isa = PBXFileReference; explicitFileType = undefined; fileEncoding = undefined; includeInIndex = 0; lastKnownFileType = unknown; name = "Inter-Thin.ttf"; path = "../src/assets/fonts/Inter-Thin.ttf"; sourceTree = "<group>"; };
		D4C78616CF52457D828481AC /* UTM-Aquarelle.ttf */ = {isa = PBXFileReference; explicitFileType = undefined; fileEncoding = undefined; includeInIndex = 0; lastKnownFileType = unknown; name = "UTM-Aquarelle.ttf"; path = "../src/assets/fonts/UTM-Aquarelle.ttf"; sourceTree = "<group>"; };
		E2FE924F97414A659CC32271 /* Inter-Regular.ttf */ = {isa = PBXFileReference; explicitFileType = undefined; fileEncoding = undefined; includeInIndex = 0; lastKnownFileType = unknown; name = "Inter-Regular.ttf"; path = "../src/assets/fonts/Inter-Regular.ttf"; sourceTree = "<group>"; };
		ED297162215061F000B7C4FE /* JavaScriptCore.framework */ = {isa = PBXFileReference; lastKnownFileType = wrapper.framework; name = JavaScriptCore.framework; path = System/Library/Frameworks/JavaScriptCore.framework; sourceTree = SDKROOT; };
		EF88D00E389B44D3ADD94391 /* Inter-Bold.ttf */ = {isa = PBXFileReference; explicitFileType = undefined; fileEncoding = undefined; includeInIndex = 0; lastKnownFileType = unknown; name = "Inter-Bold.ttf"; path = "../src/assets/fonts/Inter-Bold.ttf"; sourceTree = "<group>"; };
		F1D3387203C5406ABBD1CEBA /* UTM-PenumbraBold.ttf */ = {isa = PBXFileReference; explicitFileType = undefined; fileEncoding = undefined; includeInIndex = 0; lastKnownFileType = unknown; name = "UTM-PenumbraBold.ttf"; path = "../src/assets/fonts/UTM-PenumbraBold.ttf"; sourceTree = "<group>"; };
		F63E5DB69A9C4BCE90581435 /* Inter-Light.ttf */ = {isa = PBXFileReference; explicitFileType = undefined; fileEncoding = undefined; includeInIndex = 0; lastKnownFileType = unknown; name = "Inter-Light.ttf"; path = "../src/assets/fonts/Inter-Light.ttf"; sourceTree = "<group>"; };
/* End PBXFileReference section */

/* Begin PBXFrameworksBuildPhase section */
		061D6A4E2E49A62A00B00990 /* Frameworks */ = {
			isa = PBXFrameworksBuildPhase;
			buildActionMask = 2147483647;
			files = (
				27DB118B279F0DE8F917A63D /* libPods-ngoanthachviet_ql-Dev_ngoanthachviet_ql.a in Frameworks */,
			);
			runOnlyForDeploymentPostprocessing = 0;
		};
		061D6A602E49A6A100B00990 /* Frameworks */ = {
			isa = PBXFrameworksBuildPhase;
			buildActionMask = 2147483647;
			files = (
				933F613DDC81E2596A94D4B4 /* libPods-ngoanthachviet_ql-Uat_ngoanthachviet_ql.a in Frameworks */,
			);
			runOnlyForDeploymentPostprocessing = 0;
		};
		13B07F8C1A680F5B00A75B9A /* Frameworks */ = {
			isa = PBXFrameworksBuildPhase;
			buildActionMask = 2147483647;
			files = (
				0C80B921A6F3F58F76C31292 /* BuildFile in Frameworks */,
				83CC0282BFBD661C25F53742 /* libPods-ngoanthachviet_ql.a in Frameworks */,
			);
			runOnlyForDeploymentPostprocessing = 0;
		};
/* End PBXFrameworksBuildPhase section */

/* Begin PBXGroup section */
		13B07FAE1A68108700A75B9A /* ngoanthachviet_ql */ = {
			isa = PBXGroup;
			children = (
				13B07FB51A68108700A75B9A /* Images.xcassets */,
				761780EC2CA45674006654EE /* AppDelegate.swift */,
				13B07FB61A68108700A75B9A /* Info.plist */,
				81AB9BB72411601600AC10FF /* LaunchScreen.storyboard */,
				13B07FB81A68108700A75B9A /* PrivacyInfo.xcprivacy */,
			);
			name = ngoanthachviet_ql;
			sourceTree = "<group>";
		};
		1AFA5C468AE84DD8B91921B8 /* Resources */ = {
			isa = PBXGroup;
			children = (
				1ADC3DAFD37E414E9B0365F6 /* Inter-Black.ttf */,
				EF88D00E389B44D3ADD94391 /* Inter-Bold.ttf */,
				7CFA3289B6A449DCA68BF566 /* Inter-ExtraBold.ttf */,
				8790D892DE0C4D3E9B166350 /* Inter-ExtraLight.ttf */,
				F63E5DB69A9C4BCE90581435 /* Inter-Light.ttf */,
				A1266098DC544C78BC8BD10E /* Inter-Medium.ttf */,
				E2FE924F97414A659CC32271 /* Inter-Regular.ttf */,
				45ECB46AE56E4220A4A75C49 /* Inter-SemiBold.ttf */,
				CF2226B1E7E34114908F7629 /* Inter-Thin.ttf */,
				D4C78616CF52457D828481AC /* UTM-Aquarelle.ttf */,
				F1D3387203C5406ABBD1CEBA /* UTM-PenumbraBold.ttf */,
			);
			name = Resources;
			path = "";
			sourceTree = "<group>";
		};
		2D16E6871FA4F8E400B85C8A /* Frameworks */ = {
			isa = PBXGroup;
			children = (
				ED297162215061F000B7C4FE /* JavaScriptCore.framework */,
				73B18B7DFC983F6B7AA0DA92 /* libPods-ngoanthachviet_ql-Dev_ngoanthachviet_ql.a */,
				12DD344792CEFB357F03468B /* libPods-ngoanthachviet_ql-Uat_ngoanthachviet_ql.a */,
				A93AE6EF9D75AD83B34E106B /* libPods-ngoanthachviet_ql.a */,
			);
			name = Frameworks;
			sourceTree = "<group>";
		};
		832341AE1AAA6A7D00B99B32 /* Libraries */ = {
			isa = PBXGroup;
			children = (
			);
			name = Libraries;
			sourceTree = "<group>";
		};
		83CBB9F61A601CBA00E9B192 = {
			isa = PBXGroup;
			children = (
				13B07FAE1A68108700A75B9A /* ngoanthachviet_ql */,
				832341AE1AAA6A7D00B99B32 /* Libraries */,
				83CBBA001A601CBA00E9B192 /* Products */,
				2D16E6871FA4F8E400B85C8A /* Frameworks */,
				BBD78D7AC51CEA395F1C20DB /* Pods */,
				061D6A5B2E49A62A00B00990 /* ngoanthachviet_ql Dev-Info.plist */,
				061D6A6D2E49A6A100B00990 /* ngoanthachviet_ql Uat-Info.plist */,
				1AFA5C468AE84DD8B91921B8 /* Resources */,
			);
			indentWidth = 2;
			sourceTree = "<group>";
			tabWidth = 2;
			usesTabs = 0;
		};
		83CBBA001A601CBA00E9B192 /* Products */ = {
			isa = PBXGroup;
			children = (
				13B07F961A680F5B00A75B9A /* ngoanthachviet_ql.app */,
				061D6A5A2E49A62A00B00990 /* Dev_ngoanthachviet_ql.app */,
				061D6A6C2E49A6A100B00990 /* Uat_ngoanthachviet_ql.app */,
			);
			name = Products;
			sourceTree = "<group>";
		};
		BBD78D7AC51CEA395F1C20DB /* Pods */ = {
			isa = PBXGroup;
			children = (
				3B4392A12AC88292D35C810B /* Pods-ngoanthachviet_ql.debug.xcconfig */,
				5709B34CF0A7D63546082F79 /* Pods-ngoanthachviet_ql.release.xcconfig */,
				81696EFD4FF8DAE3FA1799B5 /* Pods-ngoanthachviet_ql-Dev_ngoanthachviet_ql.debug.xcconfig */,
				241EEEC423B659AD9E72F1AE /* Pods-ngoanthachviet_ql-Dev_ngoanthachviet_ql.release.xcconfig */,
				A67D538A883193EDDDB369DE /* Pods-ngoanthachviet_ql-Uat_ngoanthachviet_ql.debug.xcconfig */,
				A6D974D152DB680001904E9A /* Pods-ngoanthachviet_ql-Uat_ngoanthachviet_ql.release.xcconfig */,
			);
			path = Pods;
			sourceTree = "<group>";
		};
/* End PBXGroup section */

/* Begin PBXNativeTarget section */
		061D6A4A2E49A62A00B00990 /* Dev_ngoanthachviet_ql */ = {
			isa = PBXNativeTarget;
			buildConfigurationList = 061D6A572E49A62A00B00990 /* Build configuration list for PBXNativeTarget "Dev_ngoanthachviet_ql" */;
			buildPhases = (
				061D6A4B2E49A62A00B00990 /* [CP] Check Pods Manifest.lock */,
				061D6A4C2E49A62A00B00990 /* Sources */,
				061D6A4E2E49A62A00B00990 /* Frameworks */,
				061D6A502E49A62A00B00990 /* Resources */,
				061D6A542E49A62A00B00990 /* Bundle React Native code and images */,
				061D6A562E49A62A00B00990 /* [CP] Copy Pods Resources */,
				7A078CA17B431DE01FF71F38 /* [CP] Embed Pods Frameworks */,
			);
			buildRules = (
			);
			dependencies = (
			);
			name = Dev_ngoanthachviet_ql;
			productName = ngoanthachviet_ql;
			productReference = 061D6A5A2E49A62A00B00990 /* Dev_ngoanthachviet_ql.app */;
			productType = "com.apple.product-type.application";
		};
		061D6A5C2E49A6A100B00990 /* Uat_ngoanthachviet_ql */ = {
			isa = PBXNativeTarget;
			buildConfigurationList = 061D6A692E49A6A100B00990 /* Build configuration list for PBXNativeTarget "Uat_ngoanthachviet_ql" */;
			buildPhases = (
				061D6A5D2E49A6A100B00990 /* [CP] Check Pods Manifest.lock */,
				061D6A5E2E49A6A100B00990 /* Sources */,
				061D6A602E49A6A100B00990 /* Frameworks */,
				061D6A622E49A6A100B00990 /* Resources */,
				061D6A662E49A6A100B00990 /* Bundle React Native code and images */,
				061D6A682E49A6A100B00990 /* [CP] Copy Pods Resources */,
				51C7629AFCF5AC52C47EB4B7 /* [CP] Embed Pods Frameworks */,
			);
			buildRules = (
			);
			dependencies = (
			);
			name = Uat_ngoanthachviet_ql;
			productName = ngoanthachviet_ql;
			productReference = 061D6A6C2E49A6A100B00990 /* Uat_ngoanthachviet_ql.app */;
			productType = "com.apple.product-type.application";
		};
		13B07F861A680F5B00A75B9A /* ngoanthachviet_ql */ = {
			isa = PBXNativeTarget;
			buildConfigurationList = 13B07F931A680F5B00A75B9A /* Build configuration list for PBXNativeTarget "ngoanthachviet_ql" */;
			buildPhases = (
				C38B50BA6285516D6DCD4F65 /* [CP] Check Pods Manifest.lock */,
				13B07F871A680F5B00A75B9A /* Sources */,
				13B07F8C1A680F5B00A75B9A /* Frameworks */,
				13B07F8E1A680F5B00A75B9A /* Resources */,
				00DD1BFF1BD5951E006B06BC /* Bundle React Native code and images */,
				E235C05ADACE081382539298 /* [CP] Copy Pods Resources */,
				85E0BE0F75E63726005401DB /* [CP] Embed Pods Frameworks */,
			);
			buildRules = (
			);
			dependencies = (
			);
			name = ngoanthachviet_ql;
			productName = ngoanthachviet_ql;
			productReference = 13B07F961A680F5B00A75B9A /* ngoanthachviet_ql.app */;
			productType = "com.apple.product-type.application";
		};
/* End PBXNativeTarget section */

/* Begin PBXProject section */
		83CBB9F71A601CBA00E9B192 /* Project object */ = {
			isa = PBXProject;
			attributes = {
				LastUpgradeCheck = 1210;
				TargetAttributes = {
					13B07F861A680F5B00A75B9A = {
						LastSwiftMigration = 1120;
					};
				};
			};
			buildConfigurationList = 83CBB9FA1A601CBA00E9B192 /* Build configuration list for PBXProject "ngoanthachviet_ql" */;
			compatibilityVersion = "Xcode 12.0";
			developmentRegion = en;
			hasScannedForEncodings = 0;
			knownRegions = (
				en,
				Base,
			);
			mainGroup = 83CBB9F61A601CBA00E9B192;
			productRefGroup = 83CBBA001A601CBA00E9B192 /* Products */;
			projectDirPath = "";
			projectRoot = "";
			targets = (
				13B07F861A680F5B00A75B9A /* ngoanthachviet_ql */,
				061D6A4A2E49A62A00B00990 /* Dev_ngoanthachviet_ql */,
				061D6A5C2E49A6A100B00990 /* Uat_ngoanthachviet_ql */,
			);
		};
/* End PBXProject section */

/* Begin PBXResourcesBuildPhase section */
		061D6A502E49A62A00B00990 /* Resources */ = {
			isa = PBXResourcesBuildPhase;
			buildActionMask = 2147483647;
			files = (
				061D6A512E49A62A00B00990 /* LaunchScreen.storyboard in Resources */,
				061D6A522E49A62A00B00990 /* Images.xcassets in Resources */,
				061D6A532E49A62A00B00990 /* PrivacyInfo.xcprivacy in Resources */,
			);
			runOnlyForDeploymentPostprocessing = 0;
		};
		061D6A622E49A6A100B00990 /* Resources */ = {
			isa = PBXResourcesBuildPhase;
			buildActionMask = 2147483647;
			files = (
				061D6A632E49A6A100B00990 /* LaunchScreen.storyboard in Resources */,
				061D6A642E49A6A100B00990 /* Images.xcassets in Resources */,
				061D6A652E49A6A100B00990 /* PrivacyInfo.xcprivacy in Resources */,
			);
			runOnlyForDeploymentPostprocessing = 0;
		};
		13B07F8E1A680F5B00A75B9A /* Resources */ = {
			isa = PBXResourcesBuildPhase;
			buildActionMask = 2147483647;
			files = (
				81AB9BB82411601600AC10FF /* LaunchScreen.storyboard in Resources */,
				13B07FBF1A68108700A75B9A /* Images.xcassets in Resources */,
				60BE7C3F6B13A27D46236425 /* PrivacyInfo.xcprivacy in Resources */,
				36B64AF266974DF69808EE06 /* Inter-Black.ttf in Resources */,
				A6B6A84D3875463B84422D33 /* Inter-Bold.ttf in Resources */,
				1E9A3042C99242FEBDAE7160 /* Inter-ExtraBold.ttf in Resources */,
				C20B51EDE5494C8FB0DA4C96 /* Inter-ExtraLight.ttf in Resources */,
				AFDDC88C99354C0498D8C403 /* Inter-Light.ttf in Resources */,
				0674F4D3721E4E938998E5D1 /* Inter-Medium.ttf in Resources */,
				6DE0D0315BED414BB6C02C37 /* Inter-Regular.ttf in Resources */,
				E28A2B277EBF46808A451303 /* Inter-SemiBold.ttf in Resources */,
				7DBB28F3C1F04B81A619F7A7 /* Inter-Thin.ttf in Resources */,
				778C3E32D4284A11A8FC78DA /* UTM-Aquarelle.ttf in Resources */,
				BCF6F9DCBB6B44A0B80553FE /* UTM-PenumbraBold.ttf in Resources */,
			);
			runOnlyForDeploymentPostprocessing = 0;
		};
/* End PBXResourcesBuildPhase section */

/* Begin PBXShellScriptBuildPhase section */
		00DD1BFF1BD5951E006B06BC /* Bundle React Native code and images */ = {
			isa = PBXShellScriptBuildPhase;
			buildActionMask = 2147483647;
			files = (
			);
			inputPaths = (
				"$(SRCROOT)/.xcode.env.local",
				"$(SRCROOT)/.xcode.env",
			);
			name = "Bundle React Native code and images";
			outputPaths = (
			);
			runOnlyForDeploymentPostprocessing = 0;
			shellPath = /bin/sh;
			shellScript = "set -e\n\nWITH_ENVIRONMENT=\"$REACT_NATIVE_PATH/scripts/xcode/with-environment.sh\"\nREACT_NATIVE_XCODE=\"$REACT_NATIVE_PATH/scripts/react-native-xcode.sh\"\n\n/bin/sh -c \"$WITH_ENVIRONMENT $REACT_NATIVE_XCODE\"\n";
		};
		061D6A4B2E49A62A00B00990 /* [CP] Check Pods Manifest.lock */ = {
			isa = PBXShellScriptBuildPhase;
			buildActionMask = 2147483647;
			files = (
			);
			inputFileListPaths = (
			);
			inputPaths = (
				"${PODS_PODFILE_DIR_PATH}/Podfile.lock",
				"${PODS_ROOT}/Manifest.lock",
			);
			name = "[CP] Check Pods Manifest.lock";
			outputFileListPaths = (
			);
			outputPaths = (
				"$(DERIVED_FILE_DIR)/Pods-ngoanthachviet_ql-Dev_ngoanthachviet_ql-checkManifestLockResult.txt",
			);
			runOnlyForDeploymentPostprocessing = 0;
			shellPath = /bin/sh;
			shellScript = "diff \"${PODS_PODFILE_DIR_PATH}/Podfile.lock\" \"${PODS_ROOT}/Manifest.lock\" > /dev/null\nif [ $? != 0 ] ; then\n    # print error to STDERR\n    echo \"error: The sandbox is not in sync with the Podfile.lock. Run 'pod install' or update your CocoaPods installation.\" >&2\n    exit 1\nfi\n# This output is used by Xcode 'outputs' to avoid re-running this script phase.\necho \"SUCCESS\" > \"${SCRIPT_OUTPUT_FILE_0}\"\n";
			showEnvVarsInLog = 0;
		};
		061D6A542E49A62A00B00990 /* Bundle React Native code and images */ = {
			isa = PBXShellScriptBuildPhase;
			buildActionMask = 2147483647;
			files = (
			);
			inputPaths = (
				"$(SRCROOT)/.xcode.env.local",
				"$(SRCROOT)/.xcode.env",
			);
			name = "Bundle React Native code and images";
			outputPaths = (
			);
			runOnlyForDeploymentPostprocessing = 0;
			shellPath = /bin/sh;
			shellScript = "set -e\n\nWITH_ENVIRONMENT=\"$REACT_NATIVE_PATH/scripts/xcode/with-environment.sh\"\nREACT_NATIVE_XCODE=\"$REACT_NATIVE_PATH/scripts/react-native-xcode.sh\"\n\n/bin/sh -c \"$WITH_ENVIRONMENT $REACT_NATIVE_XCODE\"\n";
		};
		061D6A562E49A62A00B00990 /* [CP] Copy Pods Resources */ = {
			isa = PBXShellScriptBuildPhase;
			buildActionMask = 2147483647;
			files = (
			);
			inputFileListPaths = (
				"${PODS_ROOT}/Target Support Files/Pods-ngoanthachviet_ql-Dev_ngoanthachviet_ql/Pods-ngoanthachviet_ql-Dev_ngoanthachviet_ql-resources-${CONFIGURATION}-input-files.xcfilelist",
			);
			name = "[CP] Copy Pods Resources";
			outputFileListPaths = (
				"${PODS_ROOT}/Target Support Files/Pods-ngoanthachviet_ql-Dev_ngoanthachviet_ql/Pods-ngoanthachviet_ql-Dev_ngoanthachviet_ql-resources-${CONFIGURATION}-output-files.xcfilelist",
			);
			runOnlyForDeploymentPostprocessing = 0;
			shellPath = /bin/sh;
			shellScript = "\"${PODS_ROOT}/Target Support Files/Pods-ngoanthachviet_ql-Dev_ngoanthachviet_ql/Pods-ngoanthachviet_ql-Dev_ngoanthachviet_ql-resources.sh\"\n";
			showEnvVarsInLog = 0;
		};
		061D6A5D2E49A6A100B00990 /* [CP] Check Pods Manifest.lock */ = {
			isa = PBXShellScriptBuildPhase;
			buildActionMask = 2147483647;
			files = (
			);
			inputFileListPaths = (
			);
			inputPaths = (
				"${PODS_PODFILE_DIR_PATH}/Podfile.lock",
				"${PODS_ROOT}/Manifest.lock",
			);
			name = "[CP] Check Pods Manifest.lock";
			outputFileListPaths = (
			);
			outputPaths = (
				"$(DERIVED_FILE_DIR)/Pods-ngoanthachviet_ql-Uat_ngoanthachviet_ql-checkManifestLockResult.txt",
			);
			runOnlyForDeploymentPostprocessing = 0;
			shellPath = /bin/sh;
			shellScript = "diff \"${PODS_PODFILE_DIR_PATH}/Podfile.lock\" \"${PODS_ROOT}/Manifest.lock\" > /dev/null\nif [ $? != 0 ] ; then\n    # print error to STDERR\n    echo \"error: The sandbox is not in sync with the Podfile.lock. Run 'pod install' or update your CocoaPods installation.\" >&2\n    exit 1\nfi\n# This output is used by Xcode 'outputs' to avoid re-running this script phase.\necho \"SUCCESS\" > \"${SCRIPT_OUTPUT_FILE_0}\"\n";
			showEnvVarsInLog = 0;
		};
		061D6A662E49A6A100B00990 /* Bundle React Native code and images */ = {
			isa = PBXShellScriptBuildPhase;
			buildActionMask = 2147483647;
			files = (
			);
			inputPaths = (
				"$(SRCROOT)/.xcode.env.local",
				"$(SRCROOT)/.xcode.env",
			);
			name = "Bundle React Native code and images";
			outputPaths = (
			);
			runOnlyForDeploymentPostprocessing = 0;
			shellPath = /bin/sh;
			shellScript = "set -e\n\nWITH_ENVIRONMENT=\"$REACT_NATIVE_PATH/scripts/xcode/with-environment.sh\"\nREACT_NATIVE_XCODE=\"$REACT_NATIVE_PATH/scripts/react-native-xcode.sh\"\n\n/bin/sh -c \"$WITH_ENVIRONMENT $REACT_NATIVE_XCODE\"\n";
		};
		061D6A682E49A6A100B00990 /* [CP] Copy Pods Resources */ = {
			isa = PBXShellScriptBuildPhase;
			buildActionMask = 2147483647;
			files = (
			);
			inputFileListPaths = (
				"${PODS_ROOT}/Target Support Files/Pods-ngoanthachviet_ql-Uat_ngoanthachviet_ql/Pods-ngoanthachviet_ql-Uat_ngoanthachviet_ql-resources-${CONFIGURATION}-input-files.xcfilelist",
			);
			name = "[CP] Copy Pods Resources";
			outputFileListPaths = (
				"${PODS_ROOT}/Target Support Files/Pods-ngoanthachviet_ql-Uat_ngoanthachviet_ql/Pods-ngoanthachviet_ql-Uat_ngoanthachviet_ql-resources-${CONFIGURATION}-output-files.xcfilelist",
			);
			runOnlyForDeploymentPostprocessing = 0;
			shellPath = /bin/sh;
			shellScript = "\"${PODS_ROOT}/Target Support Files/Pods-ngoanthachviet_ql-Uat_ngoanthachviet_ql/Pods-ngoanthachviet_ql-Uat_ngoanthachviet_ql-resources.sh\"\n";
			showEnvVarsInLog = 0;
		};
		51C7629AFCF5AC52C47EB4B7 /* [CP] Embed Pods Frameworks */ = {
			isa = PBXShellScriptBuildPhase;
			buildActionMask = 2147483647;
			files = (
			);
			inputFileListPaths = (
				"${PODS_ROOT}/Target Support Files/Pods-ngoanthachviet_ql-Uat_ngoanthachviet_ql/Pods-ngoanthachviet_ql-Uat_ngoanthachviet_ql-frameworks-${CONFIGURATION}-input-files.xcfilelist",
			);
			name = "[CP] Embed Pods Frameworks";
			outputFileListPaths = (
				"${PODS_ROOT}/Target Support Files/Pods-ngoanthachviet_ql-Uat_ngoanthachviet_ql/Pods-ngoanthachviet_ql-Uat_ngoanthachviet_ql-frameworks-${CONFIGURATION}-output-files.xcfilelist",
			);
			runOnlyForDeploymentPostprocessing = 0;
			shellPath = /bin/sh;
			shellScript = "\"${PODS_ROOT}/Target Support Files/Pods-ngoanthachviet_ql-Uat_ngoanthachviet_ql/Pods-ngoanthachviet_ql-Uat_ngoanthachviet_ql-frameworks.sh\"\n";
			showEnvVarsInLog = 0;
		};
		7A078CA17B431DE01FF71F38 /* [CP] Embed Pods Frameworks */ = {
			isa = PBXShellScriptBuildPhase;
			buildActionMask = 2147483647;
			files = (
			);
			inputFileListPaths = (
				"${PODS_ROOT}/Target Support Files/Pods-ngoanthachviet_ql-Dev_ngoanthachviet_ql/Pods-ngoanthachviet_ql-Dev_ngoanthachviet_ql-frameworks-${CONFIGURATION}-input-files.xcfilelist",
			);
			name = "[CP] Embed Pods Frameworks";
			outputFileListPaths = (
				"${PODS_ROOT}/Target Support Files/Pods-ngoanthachviet_ql-Dev_ngoanthachviet_ql/Pods-ngoanthachviet_ql-Dev_ngoanthachviet_ql-frameworks-${CONFIGURATION}-output-files.xcfilelist",
			);
			runOnlyForDeploymentPostprocessing = 0;
			shellPath = /bin/sh;
			shellScript = "\"${PODS_ROOT}/Target Support Files/Pods-ngoanthachviet_ql-Dev_ngoanthachviet_ql/Pods-ngoanthachviet_ql-Dev_ngoanthachviet_ql-frameworks.sh\"\n";
			showEnvVarsInLog = 0;
		};
		85E0BE0F75E63726005401DB /* [CP] Embed Pods Frameworks */ = {
			isa = PBXShellScriptBuildPhase;
			buildActionMask = 2147483647;
			files = (
			);
			inputFileListPaths = (
				"${PODS_ROOT}/Target Support Files/Pods-ngoanthachviet_ql/Pods-ngoanthachviet_ql-frameworks-${CONFIGURATION}-input-files.xcfilelist",
			);
			name = "[CP] Embed Pods Frameworks";
			outputFileListPaths = (
				"${PODS_ROOT}/Target Support Files/Pods-ngoanthachviet_ql/Pods-ngoanthachviet_ql-frameworks-${CONFIGURATION}-output-files.xcfilelist",
			);
			runOnlyForDeploymentPostprocessing = 0;
			shellPath = /bin/sh;
			shellScript = "\"${PODS_ROOT}/Target Support Files/Pods-ngoanthachviet_ql/Pods-ngoanthachviet_ql-frameworks.sh\"\n";
			showEnvVarsInLog = 0;
		};
		C38B50BA6285516D6DCD4F65 /* [CP] Check Pods Manifest.lock */ = {
			isa = PBXShellScriptBuildPhase;
			buildActionMask = 2147483647;
			files = (
			);
			inputFileListPaths = (
			);
			inputPaths = (
				"${PODS_PODFILE_DIR_PATH}/Podfile.lock",
				"${PODS_ROOT}/Manifest.lock",
			);
			name = "[CP] Check Pods Manifest.lock";
			outputFileListPaths = (
			);
			outputPaths = (
				"$(DERIVED_FILE_DIR)/Pods-ngoanthachviet_ql-checkManifestLockResult.txt",
			);
			runOnlyForDeploymentPostprocessing = 0;
			shellPath = /bin/sh;
			shellScript = "diff \"${PODS_PODFILE_DIR_PATH}/Podfile.lock\" \"${PODS_ROOT}/Manifest.lock\" > /dev/null\nif [ $? != 0 ] ; then\n    # print error to STDERR\n    echo \"error: The sandbox is not in sync with the Podfile.lock. Run 'pod install' or update your CocoaPods installation.\" >&2\n    exit 1\nfi\n# This output is used by Xcode 'outputs' to avoid re-running this script phase.\necho \"SUCCESS\" > \"${SCRIPT_OUTPUT_FILE_0}\"\n";
			showEnvVarsInLog = 0;
		};
		E235C05ADACE081382539298 /* [CP] Copy Pods Resources */ = {
			isa = PBXShellScriptBuildPhase;
			buildActionMask = 2147483647;
			files = (
			);
			inputFileListPaths = (
				"${PODS_ROOT}/Target Support Files/Pods-ngoanthachviet_ql/Pods-ngoanthachviet_ql-resources-${CONFIGURATION}-input-files.xcfilelist",
			);
			name = "[CP] Copy Pods Resources";
			outputFileListPaths = (
				"${PODS_ROOT}/Target Support Files/Pods-ngoanthachviet_ql/Pods-ngoanthachviet_ql-resources-${CONFIGURATION}-output-files.xcfilelist",
			);
			runOnlyForDeploymentPostprocessing = 0;
			shellPath = /bin/sh;
			shellScript = "\"${PODS_ROOT}/Target Support Files/Pods-ngoanthachviet_ql/Pods-ngoanthachviet_ql-resources.sh\"\n";
			showEnvVarsInLog = 0;
		};
/* End PBXShellScriptBuildPhase section */

/* Begin PBXSourcesBuildPhase section */
		061D6A4C2E49A62A00B00990 /* Sources */ = {
			isa = PBXSourcesBuildPhase;
			buildActionMask = 2147483647;
			files = (
				061D6A4D2E49A62A00B00990 /* AppDelegate.swift in Sources */,
			);
			runOnlyForDeploymentPostprocessing = 0;
		};
		061D6A5E2E49A6A100B00990 /* Sources */ = {
			isa = PBXSourcesBuildPhase;
			buildActionMask = 2147483647;
			files = (
				061D6A5F2E49A6A100B00990 /* AppDelegate.swift in Sources */,
			);
			runOnlyForDeploymentPostprocessing = 0;
		};
		13B07F871A680F5B00A75B9A /* Sources */ = {
			isa = PBXSourcesBuildPhase;
			buildActionMask = 2147483647;
			files = (
				761780ED2CA45674006654EE /* AppDelegate.swift in Sources */,
			);
			runOnlyForDeploymentPostprocessing = 0;
		};
/* End PBXSourcesBuildPhase section */

/* Begin XCBuildConfiguration section */
		061D6A582E49A62A00B00990 /* Debug */ = {
			isa = XCBuildConfiguration;
			baseConfigurationReference = 81696EFD4FF8DAE3FA1799B5 /* Pods-ngoanthachviet_ql-Dev_ngoanthachviet_ql.debug.xcconfig */;
			buildSettings = {
				ASSETCATALOG_COMPILER_APPICON_NAME = AppIcon;
				CLANG_ENABLE_MODULES = YES;
				CURRENT_PROJECT_VERSION = 1;
				DEVELOPMENT_TEAM = GUR6U48XJK;
				ENABLE_BITCODE = NO;
				INFOPLIST_FILE = "ngoanthachviet_ql Dev-Info.plist";
				INFOPLIST_KEY_CFBundleDisplayName = "DEV - NTV Manager";
				INFOPLIST_KEY_LSApplicationCategoryType = "public.app-category.business";
				IPHONEOS_DEPLOYMENT_TARGET = 15.1;
				LD_RUNPATH_SEARCH_PATHS = (
					"$(inherited)",
					"@executable_path/Frameworks",
				);
				MARKETING_VERSION = 1.0;
				OTHER_LDFLAGS = (
					"$(inherited)",
					"-ObjC",
					"-lc++",
				);
				PRODUCT_BUNDLE_IDENTIFIER = com.ngoanthachviet.manager.dev;
				PRODUCT_NAME = "$(TARGET_NAME)";
				SUPPORTED_PLATFORMS = "iphoneos iphonesimulator";
				SUPPORTS_MACCATALYST = NO;
				SUPPORTS_MAC_DESIGNED_FOR_IPHONE_IPAD = NO;
				SUPPORTS_XR_DESIGNED_FOR_IPHONE_IPAD = NO;
				SWIFT_OPTIMIZATION_LEVEL = "-Onone";
				SWIFT_VERSION = 5.0;
				TARGETED_DEVICE_FAMILY = 1;
				VERSIONING_SYSTEM = "apple-generic";
			};
			name = Debug;
		};
		061D6A592E49A62A00B00990 /* Release */ = {
			isa = XCBuildConfiguration;
			baseConfigurationReference = 241EEEC423B659AD9E72F1AE /* Pods-ngoanthachviet_ql-Dev_ngoanthachviet_ql.release.xcconfig */;
			buildSettings = {
				ASSETCATALOG_COMPILER_APPICON_NAME = AppIcon;
				CLANG_ENABLE_MODULES = YES;
				CURRENT_PROJECT_VERSION = 1;
				DEVELOPMENT_TEAM = GUR6U48XJK;
				INFOPLIST_FILE = "ngoanthachviet_ql Dev-Info.plist";
				INFOPLIST_KEY_CFBundleDisplayName = "DEV - NTV Manager";
				INFOPLIST_KEY_LSApplicationCategoryType = "public.app-category.business";
				IPHONEOS_DEPLOYMENT_TARGET = 15.1;
				LD_RUNPATH_SEARCH_PATHS = (
					"$(inherited)",
					"@executable_path/Frameworks",
				);
				MARKETING_VERSION = 1.0;
				OTHER_LDFLAGS = (
					"$(inherited)",
					"-ObjC",
					"-lc++",
				);
				PRODUCT_BUNDLE_IDENTIFIER = com.ngoanthachviet.manager.dev;
				PRODUCT_NAME = "$(TARGET_NAME)";
				SUPPORTED_PLATFORMS = "iphoneos iphonesimulator";
				SUPPORTS_MACCATALYST = NO;
				SUPPORTS_MAC_DESIGNED_FOR_IPHONE_IPAD = NO;
				SUPPORTS_XR_DESIGNED_FOR_IPHONE_IPAD = NO;
				SWIFT_VERSION = 5.0;
				TARGETED_DEVICE_FAMILY = 1;
				VERSIONING_SYSTEM = "apple-generic";
			};
			name = Release;
		};
		061D6A6A2E49A6A100B00990 /* Debug */ = {
			isa = XCBuildConfiguration;
			baseConfigurationReference = A67D538A883193EDDDB369DE /* Pods-ngoanthachviet_ql-Uat_ngoanthachviet_ql.debug.xcconfig */;
			buildSettings = {
				ASSETCATALOG_COMPILER_APPICON_NAME = AppIcon;
				CLANG_ENABLE_MODULES = YES;
				CURRENT_PROJECT_VERSION = 1;
				DEVELOPMENT_TEAM = GUR6U48XJK;
				ENABLE_BITCODE = NO;
				INFOPLIST_FILE = "ngoanthachviet_ql Uat-Info.plist";
				INFOPLIST_KEY_CFBundleDisplayName = "UAT - NTV Manager";
				INFOPLIST_KEY_LSApplicationCategoryType = "public.app-category.business";
				IPHONEOS_DEPLOYMENT_TARGET = 15.1;
				LD_RUNPATH_SEARCH_PATHS = (
					"$(inherited)",
					"@executable_path/Frameworks",
				);
				MARKETING_VERSION = 1.0;
				OTHER_LDFLAGS = (
					"$(inherited)",
					"-ObjC",
					"-lc++",
				);
				PRODUCT_BUNDLE_IDENTIFIER = com.ngoanthachviet.manager.uat;
				PRODUCT_NAME = "$(TARGET_NAME)";
				SUPPORTED_PLATFORMS = "iphoneos iphonesimulator";
				SUPPORTS_MACCATALYST = NO;
				SUPPORTS_MAC_DESIGNED_FOR_IPHONE_IPAD = NO;
				SUPPORTS_XR_DESIGNED_FOR_IPHONE_IPAD = NO;
				SWIFT_OPTIMIZATION_LEVEL = "-Onone";
				SWIFT_VERSION = 5.0;
				TARGETED_DEVICE_FAMILY = 1;
				VERSIONING_SYSTEM = "apple-generic";
			};
			name = Debug;
		};
		061D6A6B2E49A6A100B00990 /* Release */ = {
			isa = XCBuildConfiguration;
			baseConfigurationReference = A6D974D152DB680001904E9A /* Pods-ngoanthachviet_ql-Uat_ngoanthachviet_ql.release.xcconfig */;
			buildSettings = {
				ASSETCATALOG_COMPILER_APPICON_NAME = AppIcon;
				CLANG_ENABLE_MODULES = YES;
				CURRENT_PROJECT_VERSION = 1;
				DEVELOPMENT_TEAM = GUR6U48XJK;
				INFOPLIST_FILE = "ngoanthachviet_ql Uat-Info.plist";
				INFOPLIST_KEY_CFBundleDisplayName = "UAT - NTV Manager";
				INFOPLIST_KEY_LSApplicationCategoryType = "public.app-category.business";
				IPHONEOS_DEPLOYMENT_TARGET = 15.1;
				LD_RUNPATH_SEARCH_PATHS = (
					"$(inherited)",
					"@executable_path/Frameworks",
				);
				MARKETING_VERSION = 1.0;
				OTHER_LDFLAGS = (
					"$(inherited)",
					"-ObjC",
					"-lc++",
				);
				PRODUCT_BUNDLE_IDENTIFIER = com.ngoanthachviet.manager.uat;
				PRODUCT_NAME = "$(TARGET_NAME)";
				SUPPORTED_PLATFORMS = "iphoneos iphonesimulator";
				SUPPORTS_MACCATALYST = NO;
				SUPPORTS_MAC_DESIGNED_FOR_IPHONE_IPAD = NO;
				SUPPORTS_XR_DESIGNED_FOR_IPHONE_IPAD = NO;
				SWIFT_VERSION = 5.0;
				TARGETED_DEVICE_FAMILY = 1;
				VERSIONING_SYSTEM = "apple-generic";
			};
			name = Release;
		};
		13B07F941A680F5B00A75B9A /* Debug */ = {
			isa = XCBuildConfiguration;
			baseConfigurationReference = 3B4392A12AC88292D35C810B /* Pods-ngoanthachviet_ql.debug.xcconfig */;
			buildSettings = {
				ASSETCATALOG_COMPILER_APPICON_NAME = AppIcon;
				CLANG_ENABLE_MODULES = YES;
				CURRENT_PROJECT_VERSION = 1;
				DEVELOPMENT_TEAM = GUR6U48XJK;
				ENABLE_BITCODE = NO;
				INFOPLIST_FILE = ngoanthachviet_ql/Info.plist;
				INFOPLIST_KEY_LSApplicationCategoryType = "public.app-category.business";
				IPHONEOS_DEPLOYMENT_TARGET = 15.1;
				LD_RUNPATH_SEARCH_PATHS = (
					"$(inherited)",
					"@executable_path/Frameworks",
				);
				MARKETING_VERSION = 1.0;
				OTHER_LDFLAGS = (
					"$(inherited)",
					"-ObjC",
					"-lc++",
				);
				PRODUCT_BUNDLE_IDENTIFIER = com.ngoanthachviet.manager;
				PRODUCT_NAME = ngoanthachviet_ql;
				SUPPORTED_PLATFORMS = "iphoneos iphonesimulator";
				SUPPORTS_MACCATALYST = NO;
				SUPPORTS_MAC_DESIGNED_FOR_IPHONE_IPAD = NO;
				SUPPORTS_XR_DESIGNED_FOR_IPHONE_IPAD = NO;
				SWIFT_OPTIMIZATION_LEVEL = "-Onone";
				SWIFT_VERSION = 5.0;
				TARGETED_DEVICE_FAMILY = 1;
				VERSIONING_SYSTEM = "apple-generic";
			};
			name = Debug;
		};
		13B07F951A680F5B00A75B9A /* Release */ = {
			isa = XCBuildConfiguration;
			baseConfigurationReference = 5709B34CF0A7D63546082F79 /* Pods-ngoanthachviet_ql.release.xcconfig */;
			buildSettings = {
				ASSETCATALOG_COMPILER_APPICON_NAME = AppIcon;
				CLANG_ENABLE_MODULES = YES;
				CURRENT_PROJECT_VERSION = 1;
				DEVELOPMENT_TEAM = GUR6U48XJK;
				INFOPLIST_FILE = ngoanthachviet_ql/Info.plist;
				INFOPLIST_KEY_LSApplicationCategoryType = "public.app-category.business";
				IPHONEOS_DEPLOYMENT_TARGET = 15.1;
				LD_RUNPATH_SEARCH_PATHS = (
					"$(inherited)",
					"@executable_path/Frameworks",
				);
				MARKETING_VERSION = 1.0;
				OTHER_LDFLAGS = (
					"$(inherited)",
					"-ObjC",
					"-lc++",
				);
				PRODUCT_BUNDLE_IDENTIFIER = com.ngoanthachviet.manager;
				PRODUCT_NAME = ngoanthachviet_ql;
				SUPPORTED_PLATFORMS = "iphoneos iphonesimulator";
				SUPPORTS_MACCATALYST = NO;
				SUPPORTS_MAC_DESIGNED_FOR_IPHONE_IPAD = NO;
				SUPPORTS_XR_DESIGNED_FOR_IPHONE_IPAD = NO;
				SWIFT_VERSION = 5.0;
				TARGETED_DEVICE_FAMILY = 1;
				VERSIONING_SYSTEM = "apple-generic";
			};
			name = Release;
		};
		83CBBA201A601CBA00E9B192 /* Debug */ = {
			isa = XCBuildConfiguration;
			buildSettings = {
				ALWAYS_SEARCH_USER_PATHS = NO;
				CLANG_ANALYZER_LOCALIZABILITY_NONLOCALIZED = YES;
				CLANG_CXX_LANGUAGE_STANDARD = "c++20";
				CLANG_CXX_LIBRARY = "libc++";
				CLANG_ENABLE_MODULES = YES;
				CLANG_ENABLE_OBJC_ARC = YES;
				CLANG_WARN_BLOCK_CAPTURE_AUTORELEASING = YES;
				CLANG_WARN_BOOL_CONVERSION = YES;
				CLANG_WARN_COMMA = YES;
				CLANG_WARN_CONSTANT_CONVERSION = YES;
				CLANG_WARN_DEPRECATED_OBJC_IMPLEMENTATIONS = YES;
				CLANG_WARN_DIRECT_OBJC_ISA_USAGE = YES_ERROR;
				CLANG_WARN_EMPTY_BODY = YES;
				CLANG_WARN_ENUM_CONVERSION = YES;
				CLANG_WARN_INFINITE_RECURSION = YES;
				CLANG_WARN_INT_CONVERSION = YES;
				CLANG_WARN_NON_LITERAL_NULL_CONVERSION = YES;
				CLANG_WARN_OBJC_IMPLICIT_RETAIN_SELF = YES;
				CLANG_WARN_OBJC_LITERAL_CONVERSION = YES;
				CLANG_WARN_OBJC_ROOT_CLASS = YES_ERROR;
				CLANG_WARN_QUOTED_INCLUDE_IN_FRAMEWORK_HEADER = YES;
				CLANG_WARN_RANGE_LOOP_ANALYSIS = YES;
				CLANG_WARN_STRICT_PROTOTYPES = YES;
				CLANG_WARN_SUSPICIOUS_MOVE = YES;
				CLANG_WARN_UNREACHABLE_CODE = YES;
				CLANG_WARN__DUPLICATE_METHOD_MATCH = YES;
				"CODE_SIGN_IDENTITY[sdk=iphoneos*]" = "iPhone Developer";
				COPY_PHASE_STRIP = NO;
				ENABLE_STRICT_OBJC_MSGSEND = YES;
				ENABLE_TESTABILITY = YES;
				"EXCLUDED_ARCHS[sdk=iphonesimulator*]" = "";
				GCC_C_LANGUAGE_STANDARD = gnu99;
				GCC_DYNAMIC_NO_PIC = NO;
				GCC_NO_COMMON_BLOCKS = YES;
				GCC_OPTIMIZATION_LEVEL = 0;
				GCC_PREPROCESSOR_DEFINITIONS = (
					"DEBUG=1",
					"$(inherited)",
				);
				GCC_SYMBOLS_PRIVATE_EXTERN = NO;
				GCC_WARN_64_TO_32_BIT_CONVERSION = YES;
				GCC_WARN_ABOUT_RETURN_TYPE = YES_ERROR;
				GCC_WARN_UNDECLARED_SELECTOR = YES;
				GCC_WARN_UNINITIALIZED_AUTOS = YES_AGGRESSIVE;
				GCC_WARN_UNUSED_FUNCTION = YES;
				GCC_WARN_UNUSED_VARIABLE = YES;
				IPHONEOS_DEPLOYMENT_TARGET = 15.1;
				LD_RUNPATH_SEARCH_PATHS = (
					/usr/lib/swift,
					"$(inherited)",
				);
				LIBRARY_SEARCH_PATHS = (
					"\"$(SDKROOT)/usr/lib/swift\"",
					"\"$(TOOLCHAIN_DIR)/usr/lib/swift/$(PLATFORM_NAME)\"",
					"\"$(inherited)\"",
				);
				MTL_ENABLE_DEBUG_INFO = YES;
				ONLY_ACTIVE_ARCH = YES;
				OTHER_CPLUSPLUSFLAGS = (
					"$(OTHER_CFLAGS)",
					"-DFOLLY_NO_CONFIG",
					"-DFOLLY_MOBILE=1",
					"-DFOLLY_USE_LIBCPP=1",
					"-DFOLLY_CFG_NO_COROUTINES=1",
					"-DFOLLY_HAVE_CLOCK_GETTIME=1",
				);
				OTHER_LDFLAGS = (
					"$(inherited)",
					" ",
				);
				REACT_NATIVE_PATH = "${PODS_ROOT}/../../node_modules/react-native";
				SDKROOT = iphoneos;
				SWIFT_ACTIVE_COMPILATION_CONDITIONS = "$(inherited) DEBUG";
				USE_HERMES = false;
			};
			name = Debug;
		};
		83CBBA211A601CBA00E9B192 /* Release */ = {
			isa = XCBuildConfiguration;
			buildSettings = {
				ALWAYS_SEARCH_USER_PATHS = NO;
				CLANG_ANALYZER_LOCALIZABILITY_NONLOCALIZED = YES;
				CLANG_CXX_LANGUAGE_STANDARD = "c++20";
				CLANG_CXX_LIBRARY = "libc++";
				CLANG_ENABLE_MODULES = YES;
				CLANG_ENABLE_OBJC_ARC = YES;
				CLANG_WARN_BLOCK_CAPTURE_AUTORELEASING = YES;
				CLANG_WARN_BOOL_CONVERSION = YES;
				CLANG_WARN_COMMA = YES;
				CLANG_WARN_CONSTANT_CONVERSION = YES;
				CLANG_WARN_DEPRECATED_OBJC_IMPLEMENTATIONS = YES;
				CLANG_WARN_DIRECT_OBJC_ISA_USAGE = YES_ERROR;
				CLANG_WARN_EMPTY_BODY = YES;
				CLANG_WARN_ENUM_CONVERSION = YES;
				CLANG_WARN_INFINITE_RECURSION = YES;
				CLANG_WARN_INT_CONVERSION = YES;
				CLANG_WARN_NON_LITERAL_NULL_CONVERSION = YES;
				CLANG_WARN_OBJC_IMPLICIT_RETAIN_SELF = YES;
				CLANG_WARN_OBJC_LITERAL_CONVERSION = YES;
				CLANG_WARN_OBJC_ROOT_CLASS = YES_ERROR;
				CLANG_WARN_QUOTED_INCLUDE_IN_FRAMEWORK_HEADER = YES;
				CLANG_WARN_RANGE_LOOP_ANALYSIS = YES;
				CLANG_WARN_STRICT_PROTOTYPES = YES;
				CLANG_WARN_SUSPICIOUS_MOVE = YES;
				CLANG_WARN_UNREACHABLE_CODE = YES;
				CLANG_WARN__DUPLICATE_METHOD_MATCH = YES;
				"CODE_SIGN_IDENTITY[sdk=iphoneos*]" = "iPhone Developer";
				COPY_PHASE_STRIP = YES;
				ENABLE_NS_ASSERTIONS = NO;
				ENABLE_STRICT_OBJC_MSGSEND = YES;
				"EXCLUDED_ARCHS[sdk=iphonesimulator*]" = "";
				GCC_C_LANGUAGE_STANDARD = gnu99;
				GCC_NO_COMMON_BLOCKS = YES;
				GCC_WARN_64_TO_32_BIT_CONVERSION = YES;
				GCC_WARN_ABOUT_RETURN_TYPE = YES_ERROR;
				GCC_WARN_UNDECLARED_SELECTOR = YES;
				GCC_WARN_UNINITIALIZED_AUTOS = YES_AGGRESSIVE;
				GCC_WARN_UNUSED_FUNCTION = YES;
				GCC_WARN_UNUSED_VARIABLE = YES;
				IPHONEOS_DEPLOYMENT_TARGET = 15.1;
				LD_RUNPATH_SEARCH_PATHS = (
					/usr/lib/swift,
					"$(inherited)",
				);
				LIBRARY_SEARCH_PATHS = (
					"\"$(SDKROOT)/usr/lib/swift\"",
					"\"$(TOOLCHAIN_DIR)/usr/lib/swift/$(PLATFORM_NAME)\"",
					"\"$(inherited)\"",
				);
				MTL_ENABLE_DEBUG_INFO = NO;
				OTHER_CPLUSPLUSFLAGS = (
					"$(OTHER_CFLAGS)",
					"-DFOLLY_NO_CONFIG",
					"-DFOLLY_MOBILE=1",
					"-DFOLLY_USE_LIBCPP=1",
					"-DFOLLY_CFG_NO_COROUTINES=1",
					"-DFOLLY_HAVE_CLOCK_GETTIME=1",
				);
				OTHER_LDFLAGS = (
					"$(inherited)",
					" ",
				);
				REACT_NATIVE_PATH = "${PODS_ROOT}/../../node_modules/react-native";
				SDKROOT = iphoneos;
				USE_HERMES = false;
				VALIDATE_PRODUCT = YES;
			};
			name = Release;
		};
/* End XCBuildConfiguration section */

/* Begin XCConfigurationList section */
		061D6A572E49A62A00B00990 /* Build configuration list for PBXNativeTarget "Dev_ngoanthachviet_ql" */ = {
			isa = XCConfigurationList;
			buildConfigurations = (
				061D6A582E49A62A00B00990 /* Debug */,
				061D6A592E49A62A00B00990 /* Release */,
			);
			defaultConfigurationIsVisible = 0;
			defaultConfigurationName = Release;
		};
		061D6A692E49A6A100B00990 /* Build configuration list for PBXNativeTarget "Uat_ngoanthachviet_ql" */ = {
			isa = XCConfigurationList;
			buildConfigurations = (
				061D6A6A2E49A6A100B00990 /* Debug */,
				061D6A6B2E49A6A100B00990 /* Release */,
			);
			defaultConfigurationIsVisible = 0;
			defaultConfigurationName = Release;
		};
		13B07F931A680F5B00A75B9A /* Build configuration list for PBXNativeTarget "ngoanthachviet_ql" */ = {
			isa = XCConfigurationList;
			buildConfigurations = (
				13B07F941A680F5B00A75B9A /* Debug */,
				13B07F951A680F5B00A75B9A /* Release */,
			);
			defaultConfigurationIsVisible = 0;
			defaultConfigurationName = Release;
		};
		83CBB9FA1A601CBA00E9B192 /* Build configuration list for PBXProject "ngoanthachviet_ql" */ = {
			isa = XCConfigurationList;
			buildConfigurations = (
				83CBBA201A601CBA00E9B192 /* Debug */,
				83CBBA211A601CBA00E9B192 /* Release */,
			);
			defaultConfigurationIsVisible = 0;
			defaultConfigurationName = Release;
		};
/* End XCConfigurationList section */
	};
	rootObject = 83CBB9F71A601CBA00E9B192 /* Project object */;
}
